
Microsoft Visual Studio Solution File, Format Version 12.00
# Visual Studio Version 17
VisualStudioVersion = 17.14.36202.13 d17.14
MinimumVisualStudioVersion = 10.0.40219.1
Project("{2150E333-8FDC-42A3-9474-1A3956D46DE8}") = "src", "src", "{02EA681E-C7D8-13C7-8484-4AC65E1B71E8}"
EndProject
Project("{FAE04EC0-301F-11D3-BF4B-00C04F79EFBC}") = "CareerWay.WebApiGateway.API", "src\CareerWay.WebApiGateway.API\CareerWay.WebApiGateway.API.csproj", "{96480FCD-DFB0-4D84-BA00-02B73C911DBB}"
EndProject
Global
	GlobalSection(SolutionConfigurationPlatforms) = preSolution
		Debug|Any CPU = Debug|Any CPU
		Release|Any CPU = Release|Any CPU
	EndGlobalSection
	GlobalSection(ProjectConfigurationPlatforms) = postSolution
		{96480FCD-DFB0-4D84-BA00-02B73C911DBB}.Debug|Any CPU.ActiveCfg = Debug|Any CPU
		{96480FCD-DFB0-4D84-BA00-02B73C911DBB}.Debug|Any CPU.Build.0 = Debug|Any CPU
		{96480FCD-DFB0-4D84-BA00-02B73C911DBB}.Release|Any CPU.ActiveCfg = Release|Any CPU
		{96480FCD-DFB0-4D84-BA00-02B73C911DBB}.Release|Any CPU.Build.0 = Release|Any CPU
	EndGlobalSection
	GlobalSection(SolutionProperties) = preSolution
		HideSolutionNode = FALSE
	EndGlobalSection
	GlobalSection(NestedProjects) = preSolution
		{96480FCD-DFB0-4D84-BA00-02B73C911DBB} = {02EA681E-C7D8-13C7-8484-4AC65E1B71E8}
	EndGlobalSection
	GlobalSection(ExtensibilityGlobals) = postSolution
		SolutionGuid = {2FEA7C4D-CE95-41A9-B465-F203AF3081B2}
	EndGlobalSection
EndGlobal
